// !$*UTF8*$!
{
	archiveVersion = 1;
	classes = {
	};
	objectVersion = 46;
	objects = {

/* Begin PBXBuildFile section */
		1E0AFDC11C501EB10068042E /* main.m in Sources */ = {isa = PBXBuildFile; fileRef = 1E0AFDC01C501EB10068042E /* main.m */; };
		1E0AFDC41C501EB20068042E /* AppDelegate.m in Sources */ = {isa = PBXBuildFile; fileRef = 1E0AFDC31C501EB20068042E /* AppDelegate.m */; };
		1E0AFDC71C501EB20068042E /* ViewController.m in Sources */ = {isa = PBXBuildFile; fileRef = 1E0AFDC61C501EB20068042E /* ViewController.m */; };
		1E0AFDCA1C501EB20068042E /* Main.storyboard in Resources */ = {isa = PBXBuildFile; fileRef = 1E0AFDC81C501EB20068042E /* Main.storyboard */; };
		1E0AFDCC1C501EB20068042E /* Assets.xcassets in Resources */ = {isa = PBXBuildFile; fileRef = 1E0AFDCB1C501EB20068042E /* Assets.xcassets */; };
		1E0AFDCF1C501EB20068042E /* LaunchScreen.storyboard in Resources */ = {isa = PBXBuildFile; fileRef = 1E0AFDCD1C501EB20068042E /* LaunchScreen.storyboard */; };
		4CC054481C50230B007ECB7B /* PictureCollectionViewCell.m in Sources */ = {isa = PBXBuildFile; fileRef = 4CC054461C50230B007ECB7B /* PictureCollectionViewCell.m */; };
		4CC054491C50230B007ECB7B /* PictureCollectionViewCell.xib in Resources */ = {isa = PBXBuildFile; fileRef = 4CC054471C50230B007ECB7B /* PictureCollectionViewCell.xib */; };
		4CC0544C1C502328007ECB7B /* Picture.m in Sources */ = {isa = PBXBuildFile; fileRef = 4CC0544B1C502328007ECB7B /* Picture.m */; };
/* End PBXBuildFile section */

/* Begin PBXFileReference section */
		1E0AFDBC1C501EB10068042E /* HallofFrames.app */ = {isa = PBXFileReference; explicitFileType = wrapper.application; includeInIndex = 0; path = HallofFrames.app; sourceTree = BUILT_PRODUCTS_DIR; };
		1E0AFDC01C501EB10068042E /* main.m */ = {isa = PBXFileReference; lastKnownFileType = sourcecode.c.objc; path = main.m; sourceTree = "<group>"; };
		1E0AFDC21C501EB20068042E /* AppDelegate.h */ = {isa = PBXFileReference; lastKnownFileType = sourcecode.c.h; path = AppDelegate.h; sourceTree = "<group>"; };
		1E0AFDC31C501EB20068042E /* AppDelegate.m */ = {isa = PBXFileReference; lastKnownFileType = sourcecode.c.objc; path = AppDelegate.m; sourceTree = "<group>"; };
		1E0AFDC51C501EB20068042E /* ViewController.h */ = {isa = PBXFileReference; lastKnownFileType = sourcecode.c.h; path = ViewController.h; sourceTree = "<group>"; };
		1E0AFDC61C501EB20068042E /* ViewController.m */ = {isa = PBXFileReference; lastKnownFileType = sourcecode.c.objc; path = ViewController.m; sourceTree = "<group>"; };
		1E0AFDC91C501EB20068042E /* Base */ = {isa = PBXFileReference; lastKnownFileType = file.storyboard; name = Base; path = Base.lproj/Main.storyboard; sourceTree = "<group>"; };
		1E0AFDCB1C501EB20068042E /* Assets.xcassets */ = {isa = PBXFileReference; lastKnownFileType = folder.assetcatalog; path = Assets.xcassets; sourceTree = "<group>"; };
		1E0AFDCE1C501EB20068042E /* Base */ = {isa = PBXFileReference; lastKnownFileType = file.storyboard; name = Base; path = Base.lproj/LaunchScreen.storyboard; sourceTree = "<group>"; };
		1E0AFDD01C501EB20068042E /* Info.plist */ = {isa = PBXFileReference; lastKnownFileType = text.plist.xml; path = Info.plist; sourceTree = "<group>"; };
		4CC054451C50230B007ECB7B /* PictureCollectionViewCell.h */ = {isa = PBXFileReference; fileEncoding = 4; lastKnownFileType = sourcecode.c.h; path = PictureCollectionViewCell.h; sourceTree = "<group>"; };
		4CC054461C50230B007ECB7B /* PictureCollectionViewCell.m */ = {isa = PBXFileReference; fileEncoding = 4; lastKnownFileType = sourcecode.c.objc; path = PictureCollectionViewCell.m; sourceTree = "<group>"; };
		4CC054471C50230B007ECB7B /* PictureCollectionViewCell.xib */ = {isa = PBXFileReference; fileEncoding = 4; lastKnownFileType = file.xib; path = PictureCollectionViewCell.xib; sourceTree = "<group>"; };
		4CC0544A1C502328007ECB7B /* Picture.h */ = {isa = PBXFileReference; fileEncoding = 4; lastKnownFileType = sourcecode.c.h; path = Picture.h; sourceTree = "<group>"; };
		4CC0544B1C502328007ECB7B /* Picture.m */ = {isa = PBXFileReference; fileEncoding = 4; lastKnownFileType = sourcecode.c.objc; path = Picture.m; sourceTree = "<group>"; };
/* End PBXFileReference section */

/* Begin PBXFrameworksBuildPhase section */
		1E0AFDB91C501EB10068042E /* Frameworks */ = {
			isa = PBXFrameworksBuildPhase;
			buildActionMask = 2147483647;
			files = (
			);
			runOnlyForDeploymentPostprocessing = 0;
		};
/* End PBXFrameworksBuildPhase section */

/* Begin PBXGroup section */
		1E0AFDB31C501EB00068042E = {
			isa = PBXGroup;
			children = (
				1E0AFDBE1C501EB10068042E /* HallofFrames */,
				1E0AFDBD1C501EB10068042E /* Products */,
			);
			sourceTree = "<group>";
		};
		1E0AFDBD1C501EB10068042E /* Products */ = {
			isa = PBXGroup;
			children = (
				1E0AFDBC1C501EB10068042E /* HallofFrames.app */,
			);
			name = Products;
			sourceTree = "<group>";
		};
		1E0AFDBE1C501EB10068042E /* HallofFrames */ = {
			isa = PBXGroup;
			children = (
				1E0AFDC81C501EB20068042E /* Main.storyboard */,
				1E0AFDC21C501EB20068042E /* AppDelegate.h */,
				1E0AFDC31C501EB20068042E /* AppDelegate.m */,
				1E0AFDC51C501EB20068042E /* ViewController.h */,
				1E0AFDC61C501EB20068042E /* ViewController.m */,
				4CC054451C50230B007ECB7B /* PictureCollectionViewCell.h */,
				4CC054461C50230B007ECB7B /* PictureCollectionViewCell.m */,
				4CC0544A1C502328007ECB7B /* Picture.h */,
				4CC0544B1C502328007ECB7B /* Picture.m */,
				4CC054471C50230B007ECB7B /* PictureCollectionViewCell.xib */,
				1E0AFDCB1C501EB20068042E /* Assets.xcassets */,
				1E0AFDCD1C501EB20068042E /* LaunchScreen.storyboard */,
				1E0AFDD01C501EB20068042E /* Info.plist */,
				1E0AFDBF1C501EB10068042E /* Supporting Files */,
			);
			path = HallofFrames;
			sourceTree = "<group>";
		};
		1E0AFDBF1C501EB10068042E /* Supporting Files */ = {
			isa = PBXGroup;
			children = (
				1E0AFDC01C501EB10068042E /* main.m */,
			);
			name = "Supporting Files";
			sourceTree = "<group>";
		};
/* End PBXGroup section */

/* Begin PBXNativeTarget section */
		1E0AFDBB1C501EB10068042E /* HallofFrames */ = {
			isa = PBXNativeTarget;
			buildConfigurationList = 1E0AFDD31C501EB20068042E /* Build configuration list for PBXNativeTarget "HallofFrames" */;
			buildPhases = (
				1E0AFDB81C501EB10068042E /* Sources */,
				1E0AFDB91C501EB10068042E /* Frameworks */,
				1E0AFDBA1C501EB10068042E /* Resources */,
			);
			buildRules = (
			);
			dependencies = (
			);
			name = HallofFrames;
			productName = HallofFrames;
			productReference = 1E0AFDBC1C501EB10068042E /* HallofFrames.app */;
			productType = "com.apple.product-type.application";
		};
/* End PBXNativeTarget section */

/* Begin PBXProject section */
		1E0AFDB41C501EB00068042E /* Project object */ = {
			isa = PBXProject;
			attributes = {
				LastUpgradeCheck = 0720;
				ORGANIZATIONNAME = MobileMakers;
				TargetAttributes = {
					1E0AFDBB1C501EB10068042E = {
						CreatedOnToolsVersion = 7.2;
						DevelopmentTeam = WZX9ALEXUY;
					};
				};
			};
			buildConfigurationList = 1E0AFDB71C501EB10068042E /* Build configuration list for PBXProject "HallofFrames" */;
			compatibilityVersion = "Xcode 3.2";
			developmentRegion = English;
			hasScannedForEncodings = 0;
			knownRegions = (
				en,
				Base,
			);
			mainGroup = 1E0AFDB31C501EB00068042E;
			productRefGroup = 1E0AFDBD1C501EB10068042E /* Products */;
			projectDirPath = "";
			projectRoot = "";
			targets = (
				1E0AFDBB1C501EB10068042E /* HallofFrames */,
			);
		};
/* End PBXProject section */

/* Begin PBXResourcesBuildPhase section */
		1E0AFDBA1C501EB10068042E /* Resources */ = {
			isa = PBXResourcesBuildPhase;
			buildActionMask = 2147483647;
			files = (
				1E0AFDCF1C501EB20068042E /* LaunchScreen.storyboard in Resources */,
				4CC054491C50230B007ECB7B /* PictureCollectionViewCell.xib in Resources */,
				1E0AFDCC1C501EB20068042E /* Assets.xcassets in Resources */,
				1E0AFDCA1C501EB20068042E /* Main.storyboard in Resources */,
			);
			runOnlyForDeploymentPostprocessing = 0;
		};
/* End PBXResourcesBuildPhase section */

/* Begin PBXSourcesBuildPhase section */
		1E0AFDB81C501EB10068042E /* Sources */ = {
			isa = PBXSourcesBuildPhase;
			buildActionMask = 2147483647;
			files = (
				1E0AFDC71C501EB20068042E /* ViewController.m in Sources */,
				4CC0544C1C502328007ECB7B /* Picture.m in Sources */,
				4CC054481C50230B007ECB7B /* PictureCollectionViewCell.m in Sources */,
				1E0AFDC41C501EB20068042E /* AppDelegate.m in Sources */,
				1E0AFDC11C501EB10068042E /* main.m in Sources */,
			);
			runOnlyForDeploymentPostprocessing = 0;
		};
/* End PBXSourcesBuildPhase section */

/* Begin PBXVariantGroup section */
		1E0AFDC81C501EB20068042E /* Main.storyboard */ = {
			isa = PBXVariantGroup;
			children = (
				1E0AFDC91C501EB20068042E /* Base */,
			);
			name = Main.storyboard;
			sourceTree = "<group>";
		};
		1E0AFDCD1C501EB20068042E /* LaunchScreen.storyboard */ = {
			isa = PBXVariantGroup;
			children = (
				1E0AFDCE1C501EB20068042E /* Base */,
			);
			name = LaunchScreen.storyboard;
			sourceTree = "<group>";
		};
/* End PBXVariantGroup section */

/* Begin XCBuildConfiguration section */
		1E0AFDD11C501EB20068042E /* Debug */ = {
			isa = XCBuildConfiguration;
			buildSettings = {
				ALWAYS_SEARCH_USER_PATHS = NO;
				CLANG_CXX_LANGUAGE_STANDARD = "gnu++0x";
				CLANG_CXX_LIBRARY = "libc++";
				CLANG_ENABLE_MODULES = YES;
				CLANG_ENABLE_OBJC_ARC = YES;
				CLANG_WARN_BOOL_CONVERSION = YES;
				CLANG_WARN_CONSTANT_CONVERSION = YES;
				CLANG_WARN_DIRECT_OBJC_ISA_USAGE = YES_ERROR;
				CLANG_WARN_EMPTY_BODY = YES;
				CLANG_WARN_ENUM_CONVERSION = YES;
				CLANG_WARN_INT_CONVERSION = YES;
				CLANG_WARN_OBJC_ROOT_CLASS = YES_ERROR;
				CLANG_WARN_UNREACHABLE_CODE = YES;
				CLANG_WARN__DUPLICATE_METHOD_MATCH = YES;
				"CODE_SIGN_IDENTITY[sdk=iphoneos*]" = "iPhone Developer";
				COPY_PHASE_STRIP = NO;
				DEBUG_INFORMATION_FORMAT = dwarf;
				ENABLE_STRICT_OBJC_MSGSEND = YES;
				ENABLE_TESTABILITY = YES;
				GCC_C_LANGUAGE_STANDARD = gnu99;
				GCC_DYNAMIC_NO_PIC = NO;
				GCC_NO_COMMON_BLOCKS = YES;
				GCC_OPTIMIZATION_LEVEL = 0;
				GCC_PREPROCESSOR_DEFINITIONS = (
					"DEBUG=1",
					"$(inherited)",
				);
				GCC_WARN_64_TO_32_BIT_CONVERSION = YES;
				GCC_WARN_ABOUT_RETURN_TYPE = YES_ERROR;
				GCC_WARN_UNDECLARED_SELECTOR = YES;
				GCC_WARN_UNINITIALIZED_AUTOS = YES_AGGRESSIVE;
				GCC_WARN_UNUSED_FUNCTION = YES;
				GCC_WARN_UNUSED_VARIABLE = YES;
				IPHONEOS_DEPLOYMENT_TARGET = 9.2;
				MTL_ENABLE_DEBUG_INFO = YES;
				ONLY_ACTIVE_ARCH = YES;
				SDKROOT = iphoneos;
			};
			name = Debug;
		};
		1E0AFDD21C501EB20068042E /* Release */ = {
			isa = XCBuildConfiguration;
			buildSettings = {
				ALWAYS_SEARCH_USER_PATHS = NO;
				CLANG_CXX_LANGUAGE_STANDARD = "gnu++0x";
				CLANG_CXX_LIBRARY = "libc++";
				CLANG_ENABLE_MODULES = YES;
				CLANG_ENABLE_OBJC_ARC = YES;
				CLANG_WARN_BOOL_CONVERSION = YES;
				CLANG_WARN_CONSTANT_CONVERSION = YES;
				CLANG_WARN_DIRECT_OBJC_ISA_USAGE = YES_ERROR;
				CLANG_WARN_EMPTY_BODY = YES;
				CLANG_WARN_ENUM_CONVERSION = YES;
				CLANG_WARN_INT_CONVERSION = YES;
				CLANG_WARN_OBJC_ROOT_CLASS = YES_ERROR;
				CLANG_WARN_UNREACHABLE_CODE = YES;
				CLANG_WARN__DUPLICATE_METHOD_MATCH = YES;
				"CODE_SIGN_IDENTITY[sdk=iphoneos*]" = "iPhone Developer";
				COPY_PHASE_STRIP = NO;
				DEBUG_INFORMATION_FORMAT = "dwarf-with-dsym";
				ENABLE_NS_ASSERTIONS = NO;
				ENABLE_STRICT_OBJC_MSGSEND = YES;
				GCC_C_LANGUAGE_STANDARD = gnu99;
				GCC_NO_COMMON_BLOCKS = YES;
				GCC_WARN_64_TO_32_BIT_CONVERSION = YES;
				GCC_WARN_ABOUT_RETURN_TYPE = YES_ERROR;
				GCC_WARN_UNDECLARED_SELECTOR = YES;
				GCC_WARN_UNINITIALIZED_AUTOS = YES_AGGRESSIVE;
				GCC_WARN_UNUSED_FUNCTION = YES;
				GCC_WARN_UNUSED_VARIABLE = YES;
				IPHONEOS_DEPLOYMENT_TARGET = 9.2;
				MTL_ENABLE_DEBUG_INFO = NO;
				SDKROOT = iphoneos;
				VALIDATE_PRODUCT = YES;
			};
			name = Release;
		};
		1E0AFDD41C501EB20068042E /* Debug */ = {
			isa = XCBuildConfiguration;
			buildSettings = {
				ASSETCATALOG_COMPILER_APPICON_NAME = AppIcon;
				INFOPLIST_FILE = HallofFrames/Info.plist;
				LD_RUNPATH_SEARCH_PATHS = "$(inherited) @executable_path/Frameworks";
				PRODUCT_BUNDLE_IDENTIFIER = com.mobileMakers.HallofFrames;
				PRODUCT_NAME = "$(TARGET_NAME)";
			};
			name = Debug;
		};
		1E0AFDD51C501EB20068042E /* Release */ = {
			isa = XCBuildConfiguration;
			buildSettings = {
				ASSETCATALOG_COMPILER_APPICON_NAME = AppIcon;
				INFOPLIST_FILE = HallofFrames/Info.plist;
				LD_RUNPATH_SEARCH_PATHS = "$(inherited) @executable_path/Frameworks";
				PRODUCT_BUNDLE_IDENTIFIER = com.mobileMakers.HallofFrames;
				PRODUCT_NAME = "$(TARGET_NAME)";
			};
			name = Release;
		};
/* End XCBuildConfiguration section */

/* Begin XCConfigurationList section */
		1E0AFDB71C501EB10068042E /* Build configuration list for PBXProject "HallofFrames" */ = {
			isa = XCConfigurationList;
			buildConfigurations = (
				1E0AFDD11C501EB20068042E /* Debug */,
				1E0AFDD21C501EB20068042E /* Release */,
			);
			defaultConfigurationIsVisible = 0;
			defaultConfigurationName = Release;
		};
		1E0AFDD31C501EB20068042E /* Build configuration list for PBXNativeTarget "HallofFrames" */ = {
			isa = XCConfigurationList;
			buildConfigurations = (
				1E0AFDD41C501EB20068042E /* Debug */,
				1E0AFDD51C501EB20068042E /* Release */,
			);
			defaultConfigurationIsVisible = 0;
			defaultConfigurationName = Release;
		};
/* End XCConfigurationList section */
	};
	rootObject = 1E0AFDB41C501EB00068042E /* Project object */;
}
